
Microsoft Visual Studio Solution File, Format Version 12.00
# Visual Studio Version 17
VisualStudioVersion = 17.9.34728.123
MinimumVisualStudioVersion = 10.0.40219.1
Project("{FAE04EC0-301F-11D3-BF4B-00C04F79EFBC}") = "Nutricionista", "Nutricionista.csproj", "{5F631879-702F-4D8D-879E-2D2903D4C2C4}"
EndProject
Global
	GlobalSection(SolutionConfigurationPlatforms) = preSolution
		Debug|Any CPU = Debug|Any CPU
		Release|Any CPU = Release|Any CPU
	EndGlobalSection
	GlobalSection(ProjectConfigurationPlatforms) = postSolution
		{5F631879-702F-4D8D-879E-2D2903D4C2C4}.Debug|Any CPU.ActiveCfg = Debug|Any CPU
		{5F631879-702F-4D8D-879E-2D2903D4C2C4}.Debug|Any CPU.Build.0 = Debug|Any CPU
		{5F631879-702F-4D8D-879E-2D2903D4C2C4}.Release|Any CPU.ActiveCfg = Release|Any CPU
		{5F631879-702F-4D8D-879E-2D2903D4C2C4}.Release|Any CPU.Build.0 = Release|Any CPU
	EndGlobalSection
	GlobalSection(SolutionProperties) = preSolution
		HideSolutionNode = FALSE
	EndGlobalSection
	GlobalSection(ExtensibilityGlobals) = postSolution
		SolutionGuid = {9A0306A7-A0C9-4647-B40D-B0D4B2E19F0F}
	EndGlobalSection
EndGlobal
